{
  "name": "updowntime",
  "version": "1.0.0",
  "lockfileVersion": 3,
  "requires": true,
  "packages": {
    "": {
      "name": "updowntime",
      "version": "1.0.0",
      "license": "MIT",
      "devDependencies": {
        "@types/google-apps-script": "^1.0.83",
        "@types/node": "^20.12.13",
        "@types/npm": "^7.19.3"
      }
    },
    "node_modules/@types/google-apps-script": {
      "version": "1.0.83",
      "resolved": "https://registry.npmjs.org/@types/google-apps-script/-/google-apps-script-1.0.83.tgz",
      "integrity": "sha512-o+QNeNZxPAfYHzRiLHjub9qF0IILg21r9MzYlnrIHUT+/wcC70aqDfedmzKTgtzsj79zvoTZD0cjGgy46+1Ynw==",
      "dev": true,
      "license": "MIT"
    },
    "node_modules/@types/node": {
      "version": "20.12.13",
      "resolved": "https://registry.npmjs.org/@types/node/-/node-20.12.13.tgz",
      "integrity": "sha512-gBGeanV41c1L171rR7wjbMiEpEI/l5XFQdLLfhr/REwpgDy/4U8y89+i8kRiLzDyZdOkXh+cRaTetUnCYutoXA==",
      "dev": true,
      "license": "MIT",
      "dependencies": {
        "undici-types": "~5.26.4"
      }
    },
    "node_modules/@types/npm": {
      "version": "7.19.3",
      "resolved": "https://registry.npmjs.org/@types/npm/-/npm-7.19.3.tgz",
      "integrity": "sha512-1fiJlMN0iDs42kFJZJX88SVUppp5zNQik0JVnI3mw28+vssBAz3TAvmhrPpupj1rBESV6bGYjEny30fu4Kst9g==",
      "dev": true,
      "license": "MIT",
      "dependencies": {
        "@types/node": "*"
      }
    },
    "node_modules/undici-types": {
      "version": "5.26.5",
      "resolved": "https://registry.npmjs.org/undici-types/-/undici-types-5.26.5.tgz",
      "integrity": "sha512-JlCMO+ehdEIKqlFxk6IfVoAUVmgz7cU7zD/h9XZ0qzeosSHmUJVOzSQvvYSYWXkFXC+IfLKSIffhv0sVZup6pA==",
      "dev": true,
      "license": "MIT"
    }
  }
}
